{
    "name": "souvenir718",
    "version": "1.0.0",
    "lockfileVersion": 2,
    "requires": true,
    "packages": {
        "": {
            "version": "1.0.0",
            "license": "MIT",
            "dependencies": {
                "souvenir718": "^1.0.0"
            }
        },
        "node_modules/souvenir718": {
            "version": "1.0.0",
            "resolved": "https://registry.npmjs.org/souvenir718/-/souvenir718-1.0.0.tgz",
            "integrity": "sha512-siUWZWmYWIdHYv7+Bw6IRqkwDOLZNVaYaazdmr77S4nvh4/0ptTCPzEcAW7yC/38206bsYLeEppWWjrCLhWecg=="
        }
    },
    "dependencies": {
        "souvenir718": {
            "version": "1.0.0",
            "resolved": "https://registry.npmjs.org/souvenir718/-/souvenir718-1.0.0.tgz",
            "integrity": "sha512-siUWZWmYWIdHYv7+Bw6IRqkwDOLZNVaYaazdmr77S4nvh4/0ptTCPzEcAW7yC/38206bsYLeEppWWjrCLhWecg=="
        }
    }
}
